
Microsoft Visual Studio Solution File, Format Version 12.00
# Visual Studio Version 17
VisualStudioVersion = 17.10.35013.160
MinimumVisualStudioVersion = 10.0.40219.1
Project("{FAE04EC0-301F-11D3-BF4B-00C04F79EFBC}") = "Member.API", "Member.API.csproj", "{AAEE5978-108B-4138-9CB8-BE9E4FB8F690}"
	ProjectSection(ProjectDependencies) = postProject
		{A570B103-9CAD-4423-9E20-AD7F685DFCAF} = {A570B103-9CAD-4423-9E20-AD7F685DFCAF}
	EndProjectSection
EndProject
Project("{FAE04EC0-301F-11D3-BF4B-00C04F79EFBC}") = "Member.Data", "..\Member.Data\Member.Data.csproj", "{A570B103-9CAD-4423-9E20-AD7F685DFCAF}"
EndProject
Global
	GlobalSection(SolutionConfigurationPlatforms) = preSolution
		Debug|Any CPU = Debug|Any CPU
		Release|Any CPU = Release|Any CPU
	EndGlobalSection
	GlobalSection(ProjectConfigurationPlatforms) = postSolution
		{AAEE5978-108B-4138-9CB8-BE9E4FB8F690}.Debug|Any CPU.ActiveCfg = Debug|Any CPU
		{AAEE5978-108B-4138-9CB8-BE9E4FB8F690}.Debug|Any CPU.Build.0 = Debug|Any CPU
		{AAEE5978-108B-4138-9CB8-BE9E4FB8F690}.Release|Any CPU.ActiveCfg = Release|Any CPU
		{AAEE5978-108B-4138-9CB8-BE9E4FB8F690}.Release|Any CPU.Build.0 = Release|Any CPU
		{A570B103-9CAD-4423-9E20-AD7F685DFCAF}.Debug|Any CPU.ActiveCfg = Debug|Any CPU
		{A570B103-9CAD-4423-9E20-AD7F685DFCAF}.Debug|Any CPU.Build.0 = Debug|Any CPU
		{A570B103-9CAD-4423-9E20-AD7F685DFCAF}.Release|Any CPU.ActiveCfg = Release|Any CPU
		{A570B103-9CAD-4423-9E20-AD7F685DFCAF}.Release|Any CPU.Build.0 = Release|Any CPU
	EndGlobalSection
	GlobalSection(SolutionProperties) = preSolution
		HideSolutionNode = FALSE
	EndGlobalSection
	GlobalSection(ExtensibilityGlobals) = postSolution
		SolutionGuid = {0F938CA4-9BBF-4F7B-87F8-4D6BBD8F4B04}
	EndGlobalSection
EndGlobal
